{
  "version": "5",
  "remote": {
    "https://edge.netlify.com/": "fd941d61d88673d5f28aab283fb86fcc50f08a3bc80ee5470498fcfa88c65cfb",
    "https://edge.netlify.com/bootstrap/config.ts": "6a2ce0e544e15e8f8883a5c18da5948e37fd0f2619f68cb31f3af53c51817025",
    "https://edge.netlify.com/bootstrap/context.ts": "e97240232121e2f369f6546ce961490f34d961ea1ea54be3ff09633e3f08373f",
    "https://edge.netlify.com/bootstrap/cookie.ts": "8b0baae708989ca183c6f3b4ab3d029e6abcbc2e43f93edeb0ff447b3bbc3a05",
    "https://edge.netlify.com/bootstrap/edge_function.ts": "b8253e86aa83c67341f5cfedeba5049d77fbf84dcab7eceff7566b7728ae9b39",
    "https://edge.netlify.com/bootstrap/globals/types.ts": "eaa6148ded3121d8dee62dd91c86e7fe76601df0f3ca8d7962243a30f4c8935f"
  },
  "workspace": {
    "packageJson": {
      "dependencies": [
        "npm:@astrojs/mdx@7",
        "npm:@astrojs/netlify@8",
        "npm:@astrojs/react@6",
        "npm:@astrojs/sitemap@^3.7.3",
        "npm:@astrojs/ts-plugin@^1.10.9",
        "npm:@axe-core/playwright@^4.12.1",
        "npm:@clerk/backend@^3.8.4",
        "npm:@clerk/clerk-js@^6.22.0",
        "npm:@clerk/ui@^1.23.0",
        "npm:@cu-mkp/editioncrafter@^1.3.1",
        "npm:@headlessui/react@^2.2.10",
        "npm:@heroicons/react@^2.2.0",
        "npm:@nanostores/react@^1.1.0",
        "npm:@netlify/edge-functions@^3.0.8",
        "npm:@netlify/functions@^5.3.0",
        "npm:@octokit/rest@^22.0.1",
        "npm:@performant-software/core-data@^3.1.25",
        "npm:@performant-software/geospatial@^3.1.25",
        "npm:@performant-software/shared-components@^3.1.25",
        "npm:@peripleo/maplibre@~0.8.9",
        "npm:@peripleo/peripleo@~0.8.9",
        "npm:@playwright/test@^1.61.1",
        "npm:@samvera/clover-iiif@^2.9.1",
        "npm:@tailwindcss/typography@~0.5.20",
        "npm:@tailwindcss/vite@^4.3.2",
        "npm:@tinacms/astro@0.6",
        "npm:@tinacms/cli@^2.5.1",
        "npm:@tinacms/datalayer@^2.0.25",
        "npm:@turf/turf@^7.3.5",
        "npm:@types/cookie-parser@^1.4.10",
        "npm:@types/cors@^2.8.19",
        "npm:@types/express@^5.0.6",
        "npm:@types/node@^24.13.2",
        "npm:@types/react-dom@^18.3.7",
        "npm:@types/react@^18.3.31",
        "npm:@types/underscore@^1.13.0",
        "npm:@vitest/browser-playwright@^4.1.9",
        "npm:astro@^7.0.3",
        "npm:clsx@^2.1.1",
        "npm:concurrently@^10.0.4",
        "npm:cookie-parser@^1.4.7",
        "npm:cors@^2.8.6",
        "npm:express@^5.2.1",
        "npm:html-react-parser@^6.1.3",
        "npm:js-base64@^3.8.0",
        "npm:module-error@^1.0.2",
        "npm:mongodb-level@^0.0.4",
        "npm:mongodb@^7.4.0",
        "npm:nanostores@^1.4.0",
        "npm:netlify-cli@^27.1.1",
        "npm:next-tinacms-s3@^23.0.3",
        "npm:prop-types@^15.8.1",
        "npm:radix-ui@^1.6.0",
        "npm:react-dom@^18.2.0",
        "npm:react-instantsearch@^7.37.0",
        "npm:react@^18.2.0",
        "npm:recharts@^3.9.0",
        "npm:sanitize-html@^2.17.1",
        "npm:serverless-http@4",
        "npm:swiper@^14.0.1",
        "npm:tailwindcss@^4.3.2",
        "npm:tinacms@^3.9.3",
        "npm:ts-node@^10.9.2",
        "npm:typescript@^6.0.3",
        "npm:underscore@^1.13.8",
        "npm:vitest@^4.1.9",
        "npm:wait-on@^9.1.0"
      ]
    }
  }
}
